
Microsoft Visual Studio Solution File, Format Version 12.00
# Visual Studio 15
VisualStudioVersion = 15.0.26430.6
MinimumVisualStudioVersion = 10.0.40219.1
Project("{FAE04EC0-301F-11D3-BF4B-00C04F79EFBC}") = "SimpleDelegate", "SimpleDelegate\SimpleDelegate.csproj", "{78033A8B-E5A0-44A1-B902-C34F4FA2663D}"
EndProject
Project("{FAE04EC0-301F-11D3-BF4B-00C04F79EFBC}") = "CarDelegate", "CarDelegate\CarDelegate.csproj", "{653FFA9D-8AF9-400B-AC42-141D02E4B08D}"
EndProject
Project("{FAE04EC0-301F-11D3-BF4B-00C04F79EFBC}") = "CarDelegateMethodGroupConverion", "CarDelegateMethodGroupConverion\CarDelegateMethodGroupConverion.csproj", "{0FBF8D3C-9849-43FE-B7C6-AC21D6606868}"
EndProject
Project("{FAE04EC0-301F-11D3-BF4B-00C04F79EFBC}") = "GenericDelegate", "GenericDelegate\GenericDelegate.csproj", "{A3F8D0A3-B498-4D82-9F7D-760109EF3C7C}"
EndProject
Project("{FAE04EC0-301F-11D3-BF4B-00C04F79EFBC}") = "ActionAndFuncDelegates", "ActionAndFuncDelegates\ActionAndFuncDelegates.csproj", "{98F02EBD-08F5-42B7-8AA3-5138A945920B}"
EndProject
Project("{FAE04EC0-301F-11D3-BF4B-00C04F79EFBC}") = "CarEvents", "CarEvents\CarEvents.csproj", "{98EDCFEC-EED6-4444-8E8A-F731F10ABF94}"
EndProject
Project("{FAE04EC0-301F-11D3-BF4B-00C04F79EFBC}") = "SimpleLambdaExpressions", "SimpleLambdaExpressions\SimpleLambdaExpressions.csproj", "{77775D02-C057-432B-BC3B-633B331B71A7}"
EndProject
Project("{FAE04EC0-301F-11D3-BF4B-00C04F79EFBC}") = "LambdaExpressionsMultipleParams", "LambdaExpressionsMultipleParams\LambdaExpressionsMultipleParams.csproj", "{3652D8FE-07AA-417A-BC9A-D602AF5E8E0C}"
EndProject
Global
	GlobalSection(SolutionConfigurationPlatforms) = preSolution
		Debug|Any CPU = Debug|Any CPU
		Release|Any CPU = Release|Any CPU
	EndGlobalSection
	GlobalSection(ProjectConfigurationPlatforms) = postSolution
		{78033A8B-E5A0-44A1-B902-C34F4FA2663D}.Debug|Any CPU.ActiveCfg = Debug|Any CPU
		{78033A8B-E5A0-44A1-B902-C34F4FA2663D}.Debug|Any CPU.Build.0 = Debug|Any CPU
		{78033A8B-E5A0-44A1-B902-C34F4FA2663D}.Release|Any CPU.ActiveCfg = Release|Any CPU
		{78033A8B-E5A0-44A1-B902-C34F4FA2663D}.Release|Any CPU.Build.0 = Release|Any CPU
		{653FFA9D-8AF9-400B-AC42-141D02E4B08D}.Debug|Any CPU.ActiveCfg = Debug|Any CPU
		{653FFA9D-8AF9-400B-AC42-141D02E4B08D}.Debug|Any CPU.Build.0 = Debug|Any CPU
		{653FFA9D-8AF9-400B-AC42-141D02E4B08D}.Release|Any CPU.ActiveCfg = Release|Any CPU
		{653FFA9D-8AF9-400B-AC42-141D02E4B08D}.Release|Any CPU.Build.0 = Release|Any CPU
		{0FBF8D3C-9849-43FE-B7C6-AC21D6606868}.Debug|Any CPU.ActiveCfg = Debug|Any CPU
		{0FBF8D3C-9849-43FE-B7C6-AC21D6606868}.Debug|Any CPU.Build.0 = Debug|Any CPU
		{0FBF8D3C-9849-43FE-B7C6-AC21D6606868}.Release|Any CPU.ActiveCfg = Release|Any CPU
		{0FBF8D3C-9849-43FE-B7C6-AC21D6606868}.Release|Any CPU.Build.0 = Release|Any CPU
		{A3F8D0A3-B498-4D82-9F7D-760109EF3C7C}.Debug|Any CPU.ActiveCfg = Debug|Any CPU
		{A3F8D0A3-B498-4D82-9F7D-760109EF3C7C}.Debug|Any CPU.Build.0 = Debug|Any CPU
		{A3F8D0A3-B498-4D82-9F7D-760109EF3C7C}.Release|Any CPU.ActiveCfg = Release|Any CPU
		{A3F8D0A3-B498-4D82-9F7D-760109EF3C7C}.Release|Any CPU.Build.0 = Release|Any CPU
		{98F02EBD-08F5-42B7-8AA3-5138A945920B}.Debug|Any CPU.ActiveCfg = Debug|Any CPU
		{98F02EBD-08F5-42B7-8AA3-5138A945920B}.Debug|Any CPU.Build.0 = Debug|Any CPU
		{98F02EBD-08F5-42B7-8AA3-5138A945920B}.Release|Any CPU.ActiveCfg = Release|Any CPU
		{98F02EBD-08F5-42B7-8AA3-5138A945920B}.Release|Any CPU.Build.0 = Release|Any CPU
		{98EDCFEC-EED6-4444-8E8A-F731F10ABF94}.Debug|Any CPU.ActiveCfg = Debug|Any CPU
		{98EDCFEC-EED6-4444-8E8A-F731F10ABF94}.Debug|Any CPU.Build.0 = Debug|Any CPU
		{98EDCFEC-EED6-4444-8E8A-F731F10ABF94}.Release|Any CPU.ActiveCfg = Release|Any CPU
		{98EDCFEC-EED6-4444-8E8A-F731F10ABF94}.Release|Any CPU.Build.0 = Release|Any CPU
		{77775D02-C057-432B-BC3B-633B331B71A7}.Debug|Any CPU.ActiveCfg = Debug|Any CPU
		{77775D02-C057-432B-BC3B-633B331B71A7}.Debug|Any CPU.Build.0 = Debug|Any CPU
		{77775D02-C057-432B-BC3B-633B331B71A7}.Release|Any CPU.ActiveCfg = Release|Any CPU
		{77775D02-C057-432B-BC3B-633B331B71A7}.Release|Any CPU.Build.0 = Release|Any CPU
		{3652D8FE-07AA-417A-BC9A-D602AF5E8E0C}.Debug|Any CPU.ActiveCfg = Debug|Any CPU
		{3652D8FE-07AA-417A-BC9A-D602AF5E8E0C}.Debug|Any CPU.Build.0 = Debug|Any CPU
		{3652D8FE-07AA-417A-BC9A-D602AF5E8E0C}.Release|Any CPU.ActiveCfg = Release|Any CPU
		{3652D8FE-07AA-417A-BC9A-D602AF5E8E0C}.Release|Any CPU.Build.0 = Release|Any CPU
	EndGlobalSection
	GlobalSection(SolutionProperties) = preSolution
		HideSolutionNode = FALSE
	EndGlobalSection
EndGlobal
