
Microsoft Visual Studio Solution File, Format Version 12.00
# Visual Studio 15
VisualStudioVersion = 15.0.26430.6
MinimumVisualStudioVersion = 10.0.40219.1
Project("{FAE04EC0-301F-11D3-BF4B-00C04F79EFBC}") = "Calc", "Calc\Calc.csproj", "{9AEE2E5F-E14F-4737-B967-2866BC04FFA3}"
EndProject
Project("{FAE04EC0-301F-11D3-BF4B-00C04F79EFBC}") = "MicrosoftExcel", "MicrosoftExcel\MicrosoftExcel.csproj", "{5A7BE9E3-587E-4E51-9CF7-A7402D81B3C9}"
EndProject
Project("{FAE04EC0-301F-11D3-BF4B-00C04F79EFBC}") = "ExcelExample1", "ExcelExample1\ExcelExample1.csproj", "{3977C8D9-A8B2-4A01-A434-67A3B564259E}"
EndProject
Global
	GlobalSection(SolutionConfigurationPlatforms) = preSolution
		Debug|Any CPU = Debug|Any CPU
		Release|Any CPU = Release|Any CPU
	EndGlobalSection
	GlobalSection(ProjectConfigurationPlatforms) = postSolution
		{9AEE2E5F-E14F-4737-B967-2866BC04FFA3}.Debug|Any CPU.ActiveCfg = Debug|Any CPU
		{9AEE2E5F-E14F-4737-B967-2866BC04FFA3}.Debug|Any CPU.Build.0 = Debug|Any CPU
		{9AEE2E5F-E14F-4737-B967-2866BC04FFA3}.Release|Any CPU.ActiveCfg = Release|Any CPU
		{9AEE2E5F-E14F-4737-B967-2866BC04FFA3}.Release|Any CPU.Build.0 = Release|Any CPU
		{5A7BE9E3-587E-4E51-9CF7-A7402D81B3C9}.Debug|Any CPU.ActiveCfg = Debug|Any CPU
		{5A7BE9E3-587E-4E51-9CF7-A7402D81B3C9}.Debug|Any CPU.Build.0 = Debug|Any CPU
		{5A7BE9E3-587E-4E51-9CF7-A7402D81B3C9}.Release|Any CPU.ActiveCfg = Release|Any CPU
		{5A7BE9E3-587E-4E51-9CF7-A7402D81B3C9}.Release|Any CPU.Build.0 = Release|Any CPU
		{3977C8D9-A8B2-4A01-A434-67A3B564259E}.Debug|Any CPU.ActiveCfg = Debug|Any CPU
		{3977C8D9-A8B2-4A01-A434-67A3B564259E}.Debug|Any CPU.Build.0 = Debug|Any CPU
		{3977C8D9-A8B2-4A01-A434-67A3B564259E}.Release|Any CPU.ActiveCfg = Release|Any CPU
		{3977C8D9-A8B2-4A01-A434-67A3B564259E}.Release|Any CPU.Build.0 = Release|Any CPU
	EndGlobalSection
	GlobalSection(SolutionProperties) = preSolution
		HideSolutionNode = FALSE
	EndGlobalSection
EndGlobal
